
Microsoft Visual Studio Solution File, Format Version 12.00
# Visual Studio Version 17
VisualStudioVersion = 17.14.36414.22
MinimumVisualStudioVersion = 10.0.40219.1
Project("{FAE04EC0-301F-11D3-BF4B-00C04F79EFBC}") = "RampageWpf", "RampageWpf\RampageWpf.csproj", "{A49871A3-F6EC-4A75-B3B8-29D85964CE6B}"
EndProject
Global
	GlobalSection(SolutionConfigurationPlatforms) = preSolution
		Debug|Any CPU = Debug|Any CPU
		Release|Any CPU = Release|Any CPU
	EndGlobalSection
	GlobalSection(ProjectConfigurationPlatforms) = postSolution
		{A49871A3-F6EC-4A75-B3B8-29D85964CE6B}.Debug|Any CPU.ActiveCfg = Debug|Any CPU
		{A49871A3-F6EC-4A75-B3B8-29D85964CE6B}.Debug|Any CPU.Build.0 = Debug|Any CPU
		{A49871A3-F6EC-4A75-B3B8-29D85964CE6B}.Release|Any CPU.ActiveCfg = Release|Any CPU
		{A49871A3-F6EC-4A75-B3B8-29D85964CE6B}.Release|Any CPU.Build.0 = Release|Any CPU
	EndGlobalSection
	GlobalSection(SolutionProperties) = preSolution
		HideSolutionNode = FALSE
	EndGlobalSection
	GlobalSection(ExtensibilityGlobals) = postSolution
		SolutionGuid = {C8305442-0764-4A5D-8FBD-1195E139CD7C}
	EndGlobalSection
EndGlobal
